{
  "version": 4,
  "terraform_version": "1.4.6",
  "serial": 24,
  "lineage": "48dc1d48-fe8d-8bce-d994-9b685eca0506",
  "outputs": {},
  "resources": [
    {
      "mode": "managed",
      "type": "azurerm_resource_group",
      "name": "example",
      "provider": "provider[\"registry.terraform.io/hashicorp/azurerm\"]",
      "instances": [
        {
          "schema_version": 0,
          "attributes": {
            "id": "/subscriptions/5109b8ec-d014-4994-bc13-75824a88a326/resourceGroups/tf_resources_10",
            "location": "westeurope",
            "name": "tf_resources_10",
            "tags": null,
            "timeouts": null
          },
          "sensitive_attributes": [],
          "private": "eyJlMmJmYjczMC1lY2FhLTExZTYtOGY4OC0zNDM2M2JjN2M0YzAiOnsiY3JlYXRlIjo1NDAwMDAwMDAwMDAwLCJkZWxldGUiOjU0MDAwMDAwMDAwMDAsInJlYWQiOjMwMDAwMDAwMDAwMCwidXBkYXRlIjo1NDAwMDAwMDAwMDAwfX0="
        }
      ]
    },
    {
      "mode": "managed",
      "type": "azurerm_storage_account",
      "name": "example",
      "provider": "provider[\"registry.terraform.io/hashicorp/azurerm\"]",
      "instances": [
        {
          "schema_version": 3,
          "attributes": {
            "access_tier": "Hot",
            "account_kind": "StorageV2",
            "account_replication_type": "LRS",
            "account_tier": "Standard",
            "allow_nested_items_to_be_public": true,
            "azure_files_authentication": [],
            "blob_properties": [
              {
                "change_feed_enabled": false,
                "container_delete_retention_policy": [],
                "cors_rule": [],
                "default_service_version": "",
                "delete_retention_policy": [],
                "last_access_time_enabled": false,
                "versioning_enabled": false
              }
            ],
            "custom_domain": [],
            "customer_managed_key": [],
            "edge_zone": "",
            "enable_https_traffic_only": true,
            "id": "/subscriptions/5109b8ec-d014-4994-bc13-75824a88a326/resourceGroups/tf_resources_10/providers/Microsoft.Storage/storageAccounts/tfstorageacct10",
            "identity": [],
            "infrastructure_encryption_enabled": false,
            "is_hns_enabled": false,
            "large_file_share_enabled": null,
            "location": "westeurope",
            "min_tls_version": "TLS1_2",
            "name": "tfstorageacct10",
            "network_rules": [
              {
                "bypass": [
                  "AzureServices"
                ],
                "default_action": "Allow",
                "ip_rules": [],
                "private_link_access": [],
                "virtual_network_subnet_ids": []
              }
            ],
            "nfsv3_enabled": false,
            "primary_access_key": "zJuApm1LMk0qDviD9XunMS8whIEyq1XUPPPCyswJIskdm1qsd1p5Ir975HR8JTHJUsHaGWGkBrwj+AStZi8J7g==",
            "primary_blob_connection_string": "DefaultEndpointsProtocol=https;BlobEndpoint=https://tfstorageacct10.blob.core.windows.net/;AccountName=tfstorageacct10;AccountKey=zJuApm1LMk0qDviD9XunMS8whIEyq1XUPPPCyswJIskdm1qsd1p5Ir975HR8JTHJUsHaGWGkBrwj+AStZi8J7g==",
            "primary_blob_endpoint": "https://tfstorageacct10.blob.core.windows.net/",
            "primary_blob_host": "tfstorageacct10.blob.core.windows.net",
            "primary_connection_string": "DefaultEndpointsProtocol=https;AccountName=tfstorageacct10;AccountKey=zJuApm1LMk0qDviD9XunMS8whIEyq1XUPPPCyswJIskdm1qsd1p5Ir975HR8JTHJUsHaGWGkBrwj+AStZi8J7g==;EndpointSuffix=core.windows.net",
            "primary_dfs_endpoint": "https://tfstorageacct10.dfs.core.windows.net/",
            "primary_dfs_host": "tfstorageacct10.dfs.core.windows.net",
            "primary_file_endpoint": "https://tfstorageacct10.file.core.windows.net/",
            "primary_file_host": "tfstorageacct10.file.core.windows.net",
            "primary_location": "westeurope",
            "primary_queue_endpoint": "https://tfstorageacct10.queue.core.windows.net/",
            "primary_queue_host": "tfstorageacct10.queue.core.windows.net",
            "primary_table_endpoint": "https://tfstorageacct10.table.core.windows.net/",
            "primary_table_host": "tfstorageacct10.table.core.windows.net",
            "primary_web_endpoint": "https://tfstorageacct10.z6.web.core.windows.net/",
            "primary_web_host": "tfstorageacct10.z6.web.core.windows.net",
            "queue_encryption_key_type": "Service",
            "queue_properties": [
              {
                "cors_rule": [],
                "hour_metrics": [
                  {
                    "enabled": true,
                    "include_apis": true,
                    "retention_policy_days": 7,
                    "version": "1.0"
                  }
                ],
                "logging": [
                  {
                    "delete": false,
                    "read": false,
                    "retention_policy_days": 0,
                    "version": "1.0",
                    "write": false
                  }
                ],
                "minute_metrics": [
                  {
                    "enabled": false,
                    "include_apis": false,
                    "retention_policy_days": 0,
                    "version": "1.0"
                  }
                ]
              }
            ],
            "resource_group_name": "tf_resources_10",
            "routing": [],
            "secondary_access_key": "cN373L2XRgCDRLtXzbR1gLXIAqdH+bhPCVQ/Vpfbq9qfXZPjprnjAK5yHCidQTSUFJrto+dJxres+ASt8riZ/Q==",
            "secondary_blob_connection_string": "",
            "secondary_blob_endpoint": null,
            "secondary_blob_host": null,
            "secondary_connection_string": "DefaultEndpointsProtocol=https;AccountName=tfstorageacct10;AccountKey=cN373L2XRgCDRLtXzbR1gLXIAqdH+bhPCVQ/Vpfbq9qfXZPjprnjAK5yHCidQTSUFJrto+dJxres+ASt8riZ/Q==;EndpointSuffix=core.windows.net",
            "secondary_dfs_endpoint": null,
            "secondary_dfs_host": null,
            "secondary_file_endpoint": null,
            "secondary_file_host": null,
            "secondary_location": "",
            "secondary_queue_endpoint": null,
            "secondary_queue_host": null,
            "secondary_table_endpoint": null,
            "secondary_table_host": null,
            "secondary_web_endpoint": null,
            "secondary_web_host": null,
            "share_properties": [
              {
                "cors_rule": [],
                "retention_policy": [
                  {
                    "days": 7
                  }
                ],
                "smb": []
              }
            ],
            "shared_access_key_enabled": true,
            "static_website": [],
            "table_encryption_key_type": "Service",
            "tags": null,
            "timeouts": null
          },
          "sensitive_attributes": [],
          "private": "eyJlMmJmYjczMC1lY2FhLTExZTYtOGY4OC0zNDM2M2JjN2M0YzAiOnsiY3JlYXRlIjozNjAwMDAwMDAwMDAwLCJkZWxldGUiOjM2MDAwMDAwMDAwMDAsInJlYWQiOjMwMDAwMDAwMDAwMCwidXBkYXRlIjozNjAwMDAwMDAwMDAwfSwic2NoZW1hX3ZlcnNpb24iOiIzIn0=",
          "dependencies": [
            "azurerm_resource_group.example"
          ]
        }
      ]
    },
    {
      "mode": "managed",
      "type": "azurerm_storage_container",
      "name": "example",
      "provider": "provider[\"registry.terraform.io/hashicorp/azurerm\"]",
      "instances": [
        {
          "schema_version": 1,
          "attributes": {
            "container_access_type": "blob",
            "has_immutability_policy": false,
            "has_legal_hold": false,
            "id": "https://tfstorageacct10.blob.core.windows.net/tfstoragecontainer10",
            "metadata": {},
            "name": "tfstoragecontainer10",
            "resource_manager_id": "/subscriptions/5109b8ec-d014-4994-bc13-75824a88a326/resourceGroups/tf_resources_10/providers/Microsoft.Storage/storageAccounts/tfstorageacct10/blobServices/default/containers/tfstoragecontainer10",
            "storage_account_name": "tfstorageacct10",
            "timeouts": null
          },
          "sensitive_attributes": [],
          "private": "eyJlMmJmYjczMC1lY2FhLTExZTYtOGY4OC0zNDM2M2JjN2M0YzAiOnsiY3JlYXRlIjoxODAwMDAwMDAwMDAwLCJkZWxldGUiOjE4MDAwMDAwMDAwMDAsInJlYWQiOjMwMDAwMDAwMDAwMCwidXBkYXRlIjoxODAwMDAwMDAwMDAwfSwic2NoZW1hX3ZlcnNpb24iOiIxIn0=",
          "dependencies": [
            "azurerm_resource_group.example",
            "azurerm_storage_account.example"
          ]
        }
      ]
    }
  ],
  "check_results": null
}
